
Microsoft Visual Studio Solution File, Format Version 12.00
# Visual Studio Version 17
VisualStudioVersion = 17.9.34728.123
MinimumVisualStudioVersion = 10.0.40219.1
Project("{9A19103F-16F7-4668-BE54-9A1E7A4F7556}") = "CreekRiver", "CreekRiver.csproj", "{DC072866-BB37-4615-A2F9-5F42E95F02A3}"
EndProject
Global
	GlobalSection(SolutionConfigurationPlatforms) = preSolution
		Debug|Any CPU = Debug|Any CPU
		Release|Any CPU = Release|Any CPU
	EndGlobalSection
	GlobalSection(ProjectConfigurationPlatforms) = postSolution
		{DC072866-BB37-4615-A2F9-5F42E95F02A3}.Debug|Any CPU.ActiveCfg = Debug|Any CPU
		{DC072866-BB37-4615-A2F9-5F42E95F02A3}.Debug|Any CPU.Build.0 = Debug|Any CPU
		{DC072866-BB37-4615-A2F9-5F42E95F02A3}.Release|Any CPU.ActiveCfg = Release|Any CPU
		{DC072866-BB37-4615-A2F9-5F42E95F02A3}.Release|Any CPU.Build.0 = Release|Any CPU
	EndGlobalSection
	GlobalSection(SolutionProperties) = preSolution
		HideSolutionNode = FALSE
	EndGlobalSection
	GlobalSection(ExtensibilityGlobals) = postSolution
		SolutionGuid = {515950BB-829C-44AE-BF13-C3F3F4C0FD6D}
	EndGlobalSection
EndGlobal
